
Microsoft Visual Studio Solution File, Format Version 12.00
# Visual Studio Version 16
VisualStudioVersion = 16.0.30517.126
MinimumVisualStudioVersion = 10.0.40219.1
Project("{8BC9CEB8-8B4A-11D0-8D11-00A0C91BC942}") = "BOJ_SOL", "BOJ_SOL\BOJ_SOL.vcxproj", "{74F20882-790A-47FC-81C5-BFF437C13391}"
EndProject
Global
	GlobalSection(SolutionConfigurationPlatforms) = preSolution
		Debug|x64 = Debug|x64
		Debug|x86 = Debug|x86
		Release|x64 = Release|x64
		Release|x86 = Release|x86
	EndGlobalSection
	GlobalSection(ProjectConfigurationPlatforms) = postSolution
		{74F20882-790A-47FC-81C5-BFF437C13391}.Debug|x64.ActiveCfg = Debug|x64
		{74F20882-790A-47FC-81C5-BFF437C13391}.Debug|x64.Build.0 = Debug|x64
		{74F20882-790A-47FC-81C5-BFF437C13391}.Debug|x86.ActiveCfg = Debug|Win32
		{74F20882-790A-47FC-81C5-BFF437C13391}.Debug|x86.Build.0 = Debug|Win32
		{74F20882-790A-47FC-81C5-BFF437C13391}.Release|x64.ActiveCfg = Release|x64
		{74F20882-790A-47FC-81C5-BFF437C13391}.Release|x64.Build.0 = Release|x64
		{74F20882-790A-47FC-81C5-BFF437C13391}.Release|x86.ActiveCfg = Release|Win32
		{74F20882-790A-47FC-81C5-BFF437C13391}.Release|x86.Build.0 = Release|Win32
	EndGlobalSection
	GlobalSection(SolutionProperties) = preSolution
		HideSolutionNode = FALSE
	EndGlobalSection
	GlobalSection(ExtensibilityGlobals) = postSolution
		SolutionGuid = {0F5FB843-D181-41D2-9112-621E5A1B05D2}
	EndGlobalSection
EndGlobal
